
Microsoft Visual Studio Solution File, Format Version 12.00
# Visual Studio Version 16
VisualStudioVersion = 16.0.29728.190
MinimumVisualStudioVersion = 10.0.40219.1
Project("{FAE04EC0-301F-11D3-BF4B-00C04F79EFBC}") = "whiteboard01", "whiteboard01.csproj", "{E7FE2BDB-B1A3-4F6B-86BB-FFEAED833A6C}"
EndProject
Global
	GlobalSection(SolutionConfigurationPlatforms) = preSolution
		Debug|Any CPU = Debug|Any CPU
		Release|Any CPU = Release|Any CPU
	EndGlobalSection
	GlobalSection(ProjectConfigurationPlatforms) = postSolution
		{E7FE2BDB-B1A3-4F6B-86BB-FFEAED833A6C}.Debug|Any CPU.ActiveCfg = Debug|Any CPU
		{E7FE2BDB-B1A3-4F6B-86BB-FFEAED833A6C}.Debug|Any CPU.Build.0 = Debug|Any CPU
		{E7FE2BDB-B1A3-4F6B-86BB-FFEAED833A6C}.Release|Any CPU.ActiveCfg = Release|Any CPU
		{E7FE2BDB-B1A3-4F6B-86BB-FFEAED833A6C}.Release|Any CPU.Build.0 = Release|Any CPU
	EndGlobalSection
	GlobalSection(SolutionProperties) = preSolution
		HideSolutionNode = FALSE
	EndGlobalSection
	GlobalSection(ExtensibilityGlobals) = postSolution
		SolutionGuid = {183C6B9F-D521-4B17-9892-68E7BAE3CCCF}
	EndGlobalSection
EndGlobal
