
Microsoft Visual Studio Solution File, Format Version 12.00
# Visual Studio 15
VisualStudioVersion = 15.0.27004.2005
MinimumVisualStudioVersion = 10.0.40219.1
Project("{FAE04EC0-301F-11D3-BF4B-00C04F79EFBC}") = "C_Sharp_EX01", "C_Sharp_EX01\C_Sharp_EX01.csproj", "{AA6957E4-C66B-4CDD-9E0A-E68216187869}"
EndProject
Global
	GlobalSection(SolutionConfigurationPlatforms) = preSolution
		Debug|Any CPU = Debug|Any CPU
		Release|Any CPU = Release|Any CPU
	EndGlobalSection
	GlobalSection(ProjectConfigurationPlatforms) = postSolution
		{AA6957E4-C66B-4CDD-9E0A-E68216187869}.Debug|Any CPU.ActiveCfg = Debug|Any CPU
		{AA6957E4-C66B-4CDD-9E0A-E68216187869}.Debug|Any CPU.Build.0 = Debug|Any CPU
		{AA6957E4-C66B-4CDD-9E0A-E68216187869}.Release|Any CPU.ActiveCfg = Release|Any CPU
		{AA6957E4-C66B-4CDD-9E0A-E68216187869}.Release|Any CPU.Build.0 = Release|Any CPU
	EndGlobalSection
	GlobalSection(SolutionProperties) = preSolution
		HideSolutionNode = FALSE
	EndGlobalSection
	GlobalSection(ExtensibilityGlobals) = postSolution
		SolutionGuid = {D2CA7101-E5B1-4CB9-A84B-86237F52D30F}
	EndGlobalSection
EndGlobal
